
Microsoft Visual Studio Solution File, Format Version 12.00
# Visual Studio 15
VisualStudioVersion = 15.0.27004.2005
MinimumVisualStudioVersion = 10.0.40219.1
Project("{9A19103F-16F7-4668-BE54-9A1E7A4F7556}") = "PayService", "PayService\PayService.csproj", "{0B35D9D7-0776-4D11-8DC8-102BE5B99E41}"
EndProject
Project("{FAE04EC0-301F-11D3-BF4B-00C04F79EFBC}") = "PayService.Model", "PayService.Model\PayService.Model.csproj", "{9832EF69-C353-4C00-B384-A2E738C4036F}"
EndProject
Global
	GlobalSection(SolutionConfigurationPlatforms) = preSolution
		Debug|Any CPU = Debug|Any CPU
		Release|Any CPU = Release|Any CPU
	EndGlobalSection
	GlobalSection(ProjectConfigurationPlatforms) = postSolution
		{0B35D9D7-0776-4D11-8DC8-102BE5B99E41}.Debug|Any CPU.ActiveCfg = Debug|Any CPU
		{0B35D9D7-0776-4D11-8DC8-102BE5B99E41}.Debug|Any CPU.Build.0 = Debug|Any CPU
		{0B35D9D7-0776-4D11-8DC8-102BE5B99E41}.Release|Any CPU.ActiveCfg = Release|Any CPU
		{0B35D9D7-0776-4D11-8DC8-102BE5B99E41}.Release|Any CPU.Build.0 = Release|Any CPU
		{9832EF69-C353-4C00-B384-A2E738C4036F}.Debug|Any CPU.ActiveCfg = Debug|Any CPU
		{9832EF69-C353-4C00-B384-A2E738C4036F}.Debug|Any CPU.Build.0 = Debug|Any CPU
		{9832EF69-C353-4C00-B384-A2E738C4036F}.Release|Any CPU.ActiveCfg = Release|Any CPU
		{9832EF69-C353-4C00-B384-A2E738C4036F}.Release|Any CPU.Build.0 = Release|Any CPU
	EndGlobalSection
	GlobalSection(SolutionProperties) = preSolution
		HideSolutionNode = FALSE
	EndGlobalSection
	GlobalSection(ExtensibilityGlobals) = postSolution
		SolutionGuid = {B836F1A0-769A-450D-8902-1F171FEF7A9D}
	EndGlobalSection
EndGlobal
